#MicroXplorer Configuration settings - do not modify
Mcu.Family=STM32F1
ProjectManager.MainLocation=Src
RCC.MCOFreq_Value=32000000
ProjectManager.ProjectFileName=STM32F103VETx_nRF24L01.ioc
ProjectManager.KeepUserCode=true
Mcu.UserName=STM32F103VETx
Mcu.PinsNb=9
SPI2.VirtualType=VM_MASTER
ProjectManager.NoMain=false
RCC.PLLCLKFreq_Value=32000000
ProjectManager.functionlistsort=1-MX_GPIO_Init-GPIO-false-HAL-true,2-SystemClock_Config-RCC-false-HAL-false,3-MX_SPI2_Init-SPI2-false-HAL-true
RCC.ADCFreqValue=16000000
ProjectManager.DefaultFWLocation=true
ProjectManager.DeletePrevious=true
VP_SYS_VS_ND.Mode=No_Debug
PB15.Signal=SPI2_MOSI
PB13.Signal=SPI2_SCK
PinOutPanel.RotationAngle=0
RCC.FamilyName=M
RCC.I2S3Freq_Value=32000000
RCC.SYSCLKSource=RCC_SYSCLKSOURCE_PLLCLK
ProjectManager.StackSize=0x400
RCC.FCLKCortexFreq_Value=32000000
Mcu.IP2=SPI2
NVIC.SVCall_IRQn=true\:0\:0\:false\:false\:true\:false\:false
RCC.SDIOHCLKDiv2FreqValue=16000000
Mcu.IP3=SYS
Mcu.IP0=NVIC
Mcu.IP1=RCC
Mcu.UserConstants=
ProjectManager.TargetToolchain=TrueSTUDIO
Mcu.ThirdPartyNb=0
RCC.SDIOFreq_Value=32000000
RCC.HCLKFreq_Value=32000000
Mcu.IPNb=4
ProjectManager.PreviousToolchain=TrueSTUDIO
RCC.APB2TimFreq_Value=32000000
SPI2.IPParameters=VirtualType,Mode,Direction,CalculateBaudRate,BaudRatePrescaler
Mcu.Pin6=PB15
Mcu.Pin7=VP_SYS_VS_ND
Mcu.Pin8=VP_SYS_VS_Systick
RCC.USBFreq_Value=32000000
RCC.AHBFreq_Value=32000000
SPI2.BaudRatePrescaler=SPI_BAUDRATEPRESCALER_16
Mcu.Pin0=PE7
Mcu.Pin1=PE8
PE14.Locked=true
GPIO.groupedBy=
Mcu.Pin2=PE14
Mcu.Pin3=PE15
Mcu.Pin4=PB13
PB14.Signal=SPI2_MISO
Mcu.Pin5=PB14
ProjectManager.ProjectBuild=false
NVIC.UsageFault_IRQn=true\:0\:0\:false\:false\:true\:false\:false
NVIC.DebugMonitor_IRQn=true\:0\:0\:false\:false\:true\:false\:false
board=custom
NVIC.SysTick_IRQn=true\:0\:0\:false\:false\:true\:false\:true
ProjectManager.LastFirmware=true
RCC.PLLMUL=RCC_PLL_MUL8
PB15.Mode=Full_Duplex_Master
ProjectManager.FirmwarePackage=STM32Cube FW_F1 V1.8.0
MxDb.Version=DB.5.0.60
PE15.Locked=true
RCC.APB2Freq_Value=32000000
PE14.Signal=GPIO_Output
PE15.Signal=GPIO_Output
ProjectManager.BackupPrevious=false
MxCube.Version=5.6.0
PE8.Signal=GPIO_Output
PE8.Locked=true
PB14.Mode=Full_Duplex_Master
File.Version=6
VP_SYS_VS_Systick.Mode=SysTick
VP_SYS_VS_ND.Signal=SYS_VS_ND
SPI2.CalculateBaudRate=2.0 MBits/s
NVIC.NonMaskableInt_IRQn=true\:0\:0\:false\:false\:true\:false\:false
NVIC.PendSV_IRQn=true\:0\:0\:false\:false\:true\:false\:false
PE7.Locked=true
ProjectManager.FreePins=false
RCC.IPParameters=ADCFreqValue,AHBFreq_Value,APB1Freq_Value,APB1TimFreq_Value,APB2Freq_Value,APB2TimFreq_Value,FCLKCortexFreq_Value,FSMCFreq_Value,FamilyName,HCLKFreq_Value,I2S2Freq_Value,I2S3Freq_Value,MCOFreq_Value,PLLCLKFreq_Value,PLLMCOFreq_Value,PLLMUL,SDIOFreq_Value,SDIOHCLKDiv2FreqValue,SYSCLKFreq_VALUE,SYSCLKSource,TimSysFreq_Value,USBFreq_Value
ProjectManager.AskForMigrate=true
Mcu.Name=STM32F103V(C-D-E)Tx
ProjectManager.HalAssertFull=false
ProjectManager.ProjectName=STM32F103VETx_nRF24L01
ProjectManager.UnderRoot=true
RCC.PLLMCOFreq_Value=16000000
RCC.FSMCFreq_Value=32000000
ProjectManager.CoupleFile=false
RCC.SYSCLKFreq_VALUE=32000000
Mcu.Package=LQFP100
RCC.TimSysFreq_Value=32000000
SPI2.Mode=SPI_MODE_MASTER
RCC.I2S2Freq_Value=32000000
NVIC.ForceEnableDMAVector=true
KeepUserPlacement=false
NVIC.MemoryManagement_IRQn=true\:0\:0\:false\:false\:true\:false\:false
ProjectManager.CompilerOptimize=6
ProjectManager.ToolChainLocation=
VP_SYS_VS_Systick.Signal=SYS_VS_Systick
ProjectManager.HeapSize=0x200
NVIC.HardFault_IRQn=true\:0\:0\:false\:false\:true\:false\:false
ProjectManager.ComputerToolchain=false
NVIC.PriorityGroup=NVIC_PRIORITYGROUP_4
RCC.APB1TimFreq_Value=32000000
NVIC.BusFault_IRQn=true\:0\:0\:false\:false\:true\:false\:false
SPI2.Direction=SPI_DIRECTION_2LINES
PB13.Mode=Full_Duplex_Master
PE7.Signal=GPIO_Output
RCC.APB1Freq_Value=32000000
ProjectManager.CustomerFirmwarePackage=
ProjectManager.DeviceId=STM32F103VETx
ProjectManager.LibraryCopy=1
